
Microsoft Visual Studio Solution File, Format Version 12.00
# Visual Studio Version 17
VisualStudioVersion = 17.5.002.0
MinimumVisualStudioVersion = 10.0.40219.1
<<<<<<< HEAD
Project("{9A19103F-16F7-4668-BE54-9A1E7A4F7556}") = "Deltadust", "Deltadust.csproj", "{7BD2F29F-B458-464B-B686-E33D4222F013}"
=======
Project("{9A19103F-16F7-4668-BE54-9A1E7A4F7556}") = "Deltadust", "Deltadust.csproj", "{C8CA548D-6F97-4E50-87E1-7DCF9F183E8B}"
>>>>>>> d853327d52949dffcb9318081b58941443519f6a
EndProject
Global
	GlobalSection(SolutionConfigurationPlatforms) = preSolution
		Debug|Any CPU = Debug|Any CPU
		Release|Any CPU = Release|Any CPU
	EndGlobalSection
	GlobalSection(ProjectConfigurationPlatforms) = postSolution
<<<<<<< HEAD
		{7BD2F29F-B458-464B-B686-E33D4222F013}.Debug|Any CPU.ActiveCfg = Debug|Any CPU
		{7BD2F29F-B458-464B-B686-E33D4222F013}.Debug|Any CPU.Build.0 = Debug|Any CPU
		{7BD2F29F-B458-464B-B686-E33D4222F013}.Release|Any CPU.ActiveCfg = Release|Any CPU
		{7BD2F29F-B458-464B-B686-E33D4222F013}.Release|Any CPU.Build.0 = Release|Any CPU
=======
		{C8CA548D-6F97-4E50-87E1-7DCF9F183E8B}.Debug|Any CPU.ActiveCfg = Debug|Any CPU
		{C8CA548D-6F97-4E50-87E1-7DCF9F183E8B}.Debug|Any CPU.Build.0 = Debug|Any CPU
		{C8CA548D-6F97-4E50-87E1-7DCF9F183E8B}.Release|Any CPU.ActiveCfg = Release|Any CPU
		{C8CA548D-6F97-4E50-87E1-7DCF9F183E8B}.Release|Any CPU.Build.0 = Release|Any CPU
>>>>>>> d853327d52949dffcb9318081b58941443519f6a
	EndGlobalSection
	GlobalSection(SolutionProperties) = preSolution
		HideSolutionNode = FALSE
	EndGlobalSection
	GlobalSection(ExtensibilityGlobals) = postSolution
		SolutionGuid = {E2FFB5DB-8A2E-44AE-A320-72A36CF8AB3C}
	EndGlobalSection
EndGlobal
