
Microsoft Visual Studio Solution File, Format Version 12.00
# Visual Studio Version 17
VisualStudioVersion = 17.5.002.0
MinimumVisualStudioVersion = 10.0.40219.1
Project("{9A19103F-16F7-4668-BE54-9A1E7A4F7556}") = "Deltadust", "Deltadust.csproj", "{AFFB2772-67F1-4A1C-AE5D-9B047BBF9D2F}"
EndProject
Global
	GlobalSection(SolutionConfigurationPlatforms) = preSolution
		Debug|Any CPU = Debug|Any CPU
		Release|Any CPU = Release|Any CPU
	EndGlobalSection
	GlobalSection(ProjectConfigurationPlatforms) = postSolution
		{AFFB2772-67F1-4A1C-AE5D-9B047BBF9D2F}.Debug|Any CPU.ActiveCfg = Debug|Any CPU
		{AFFB2772-67F1-4A1C-AE5D-9B047BBF9D2F}.Debug|Any CPU.Build.0 = Debug|Any CPU
		{AFFB2772-67F1-4A1C-AE5D-9B047BBF9D2F}.Release|Any CPU.ActiveCfg = Release|Any CPU
		{AFFB2772-67F1-4A1C-AE5D-9B047BBF9D2F}.Release|Any CPU.Build.0 = Release|Any CPU
	EndGlobalSection
	GlobalSection(SolutionProperties) = preSolution
		HideSolutionNode = FALSE
	EndGlobalSection
	GlobalSection(ExtensibilityGlobals) = postSolution
		SolutionGuid = {1E8274A0-5622-42B4-B9F4-9397722739D0}
	EndGlobalSection
EndGlobal
