
Microsoft Visual Studio Solution File, Format Version 12.00
# Visual Studio Version 17
VisualStudioVersion = 17.5.002.0
MinimumVisualStudioVersion = 10.0.40219.1
Project("{9A19103F-16F7-4668-BE54-9A1E7A4F7556}") = "MyGame", "MyGame.csproj", "{D061BAA1-DD85-4F5E-A261-0F49B9587AA3}"
EndProject
Global
	GlobalSection(SolutionConfigurationPlatforms) = preSolution
		Debug|Any CPU = Debug|Any CPU
		Release|Any CPU = Release|Any CPU
	EndGlobalSection
	GlobalSection(ProjectConfigurationPlatforms) = postSolution
		{D061BAA1-DD85-4F5E-A261-0F49B9587AA3}.Debug|Any CPU.ActiveCfg = Debug|Any CPU
		{D061BAA1-DD85-4F5E-A261-0F49B9587AA3}.Debug|Any CPU.Build.0 = Debug|Any CPU
		{D061BAA1-DD85-4F5E-A261-0F49B9587AA3}.Release|Any CPU.ActiveCfg = Release|Any CPU
		{D061BAA1-DD85-4F5E-A261-0F49B9587AA3}.Release|Any CPU.Build.0 = Release|Any CPU
	EndGlobalSection
	GlobalSection(SolutionProperties) = preSolution
		HideSolutionNode = FALSE
	EndGlobalSection
	GlobalSection(ExtensibilityGlobals) = postSolution
		SolutionGuid = {B7FF1F5B-1E17-47B4-AEAE-9925C90FE3AC}
	EndGlobalSection
EndGlobal
